
Microsoft Visual Studio Solution File, Format Version 11.00
# Visual Studio 2010
Project("{FAE04EC0-301F-11D3-BF4B-00C04F79EFBC}") = "ADV_Logistics_WebService_V001", "ADV_Logistics_WebService_V001\ADV_Logistics_WebService_V001.csproj", "{3DC4C6AE-664B-423D-A939-D5FA39FAB268}"
EndProject
Project("{FAE04EC0-301F-11D3-BF4B-00C04F79EFBC}") = "ADV_Logistics_BLL", "ADV_Logistics_BLL\ADV_Logistics_BLL.csproj", "{3884A9BD-24AA-44CF-A118-E2198BBBA683}"
EndProject
Global
	GlobalSection(SolutionConfigurationPlatforms) = preSolution
		Debug|Any CPU = Debug|Any CPU
		Release|Any CPU = Release|Any CPU
	EndGlobalSection
	GlobalSection(ProjectConfigurationPlatforms) = postSolution
		{3DC4C6AE-664B-423D-A939-D5FA39FAB268}.Debug|Any CPU.ActiveCfg = Debug|Any CPU
		{3DC4C6AE-664B-423D-A939-D5FA39FAB268}.Debug|Any CPU.Build.0 = Debug|Any CPU
		{3DC4C6AE-664B-423D-A939-D5FA39FAB268}.Release|Any CPU.ActiveCfg = Release|Any CPU
		{3DC4C6AE-664B-423D-A939-D5FA39FAB268}.Release|Any CPU.Build.0 = Release|Any CPU
		{3884A9BD-24AA-44CF-A118-E2198BBBA683}.Debug|Any CPU.ActiveCfg = Debug|Any CPU
		{3884A9BD-24AA-44CF-A118-E2198BBBA683}.Debug|Any CPU.Build.0 = Debug|Any CPU
		{3884A9BD-24AA-44CF-A118-E2198BBBA683}.Release|Any CPU.ActiveCfg = Release|Any CPU
		{3884A9BD-24AA-44CF-A118-E2198BBBA683}.Release|Any CPU.Build.0 = Release|Any CPU
	EndGlobalSection
	GlobalSection(SolutionProperties) = preSolution
		HideSolutionNode = FALSE
	EndGlobalSection
EndGlobal
